
Microsoft Visual Studio Solution File, Format Version 12.00
# Visual Studio Version 16
VisualStudioVersion = 16.0.30717.126
MinimumVisualStudioVersion = 10.0.40219.1
Project("{FAE04EC0-301F-11D3-BF4B-00C04F79EFBC}") = "Travel", "Travel\Travel.csproj", "{C35C668B-3378-45AB-8890-47C8B869D405}"
EndProject
Project("{FAE04EC0-301F-11D3-BF4B-00C04F79EFBC}") = "TravelUnitTests", "TravelUnitTests\TravelUnitTests.csproj", "{C38F96AE-B870-43EA-81B8-224603E2BF2D}"
EndProject
Global
	GlobalSection(SolutionConfigurationPlatforms) = preSolution
		Debug|Any CPU = Debug|Any CPU
		Release|Any CPU = Release|Any CPU
	EndGlobalSection
	GlobalSection(ProjectConfigurationPlatforms) = postSolution
		{C35C668B-3378-45AB-8890-47C8B869D405}.Debug|Any CPU.ActiveCfg = Debug|Any CPU
		{C35C668B-3378-45AB-8890-47C8B869D405}.Debug|Any CPU.Build.0 = Debug|Any CPU
		{C35C668B-3378-45AB-8890-47C8B869D405}.Release|Any CPU.ActiveCfg = Release|Any CPU
		{C35C668B-3378-45AB-8890-47C8B869D405}.Release|Any CPU.Build.0 = Release|Any CPU
		{C38F96AE-B870-43EA-81B8-224603E2BF2D}.Debug|Any CPU.ActiveCfg = Debug|Any CPU
		{C38F96AE-B870-43EA-81B8-224603E2BF2D}.Debug|Any CPU.Build.0 = Debug|Any CPU
		{C38F96AE-B870-43EA-81B8-224603E2BF2D}.Release|Any CPU.ActiveCfg = Release|Any CPU
		{C38F96AE-B870-43EA-81B8-224603E2BF2D}.Release|Any CPU.Build.0 = Release|Any CPU
	EndGlobalSection
	GlobalSection(SolutionProperties) = preSolution
		HideSolutionNode = FALSE
	EndGlobalSection
	GlobalSection(ExtensibilityGlobals) = postSolution
		SolutionGuid = {7505863A-1743-47CD-A29F-993C6C078754}
	EndGlobalSection
EndGlobal
